
Microsoft Visual Studio Solution File, Format Version 12.00
# Visual Studio 14
VisualStudioVersion = 14.0.23107.0
MinimumVisualStudioVersion = 10.0.40219.1
Project("{FAE04EC0-301F-11D3-BF4B-00C04F79EFBC}") = "Cartisan", "Cartisan\Cartisan.csproj", "{FA5EF4B7-C651-4458-BF1C-DEEBC8D4D6FF}"
EndProject
Project("{FAE04EC0-301F-11D3-BF4B-00C04F79EFBC}") = "Cartisan.Web", "Cartisan.Web\Cartisan.Web.csproj", "{D1A00DF5-FF5C-4CE1-BFDC-A8EA87DEFEE8}"
EndProject
Project("{FAE04EC0-301F-11D3-BF4B-00C04F79EFBC}") = "Cartisan.Autofac", "Components\Cartisan.Autofac\Cartisan.Autofac.csproj", "{79A5C5EB-4338-460A-812A-B82577D80A8A}"
EndProject
Project("{2150E333-8FDC-42A3-9474-1A3956D46DE8}") = "Components", "Components", "{14682D79-0B99-4357-92B8-FDE74B95F7D4}"
EndProject
Project("{FAE04EC0-301F-11D3-BF4B-00C04F79EFBC}") = "Cartisan.EntityFramework", "Components\Cartisan.EntityFramework\Cartisan.EntityFramework.csproj", "{D0E634ED-CB95-4A49-A416-75DE7E7A02C0}"
EndProject
Project("{FAE04EC0-301F-11D3-BF4B-00C04F79EFBC}") = "Cartisan.Dapper", "Components\Cartisan.Dapper\Cartisan.Dapper.csproj", "{D8E590AF-30C0-42CD-836F-FF6DBA62C762}"
EndProject
Project("{FAE04EC0-301F-11D3-BF4B-00C04F79EFBC}") = "Cartisan.AutoMapper", "Components\Cartisan.AutoMapper\Cartisan.AutoMapper.csproj", "{9C045711-D097-4F05-B7EB-6CF39D407933}"
EndProject
Project("{FAE04EC0-301F-11D3-BF4B-00C04F79EFBC}") = "Cartisan.Website", "Cartisan.Website\Cartisan.Website.csproj", "{988072F3-D643-4AEB-84B9-F6167209F3AD}"
EndProject
Project("{FAE04EC0-301F-11D3-BF4B-00C04F79EFBC}") = "Cartisan.WebHost", "Cartisan.WebHost\Cartisan.WebHost.csproj", "{11FB7F80-3FAC-4AEC-8060-327A01152C27}"
EndProject
Project("{2150E333-8FDC-42A3-9474-1A3956D46DE8}") = "IdentityContext", "IdentityContext", "{EB5F63B1-217B-4DBD-A09A-E31FBC3D81F1}"
EndProject
Project("{FAE04EC0-301F-11D3-BF4B-00C04F79EFBC}") = "Cartisan.Identity.Domain", "IdentityContext\Cartisan.Identity.Domain\Cartisan.Identity.Domain.csproj", "{EE478E42-0469-47BC-8762-F497ACCE2A80}"
EndProject
Project("{FAE04EC0-301F-11D3-BF4B-00C04F79EFBC}") = "Cartisan.Identity.Service", "IdentityContext\Cartisan.Identity.Service\Cartisan.Identity.Service.csproj", "{DAA7FAA4-4001-4201-8186-1C6AF9DFF02E}"
EndProject
Project("{FAE04EC0-301F-11D3-BF4B-00C04F79EFBC}") = "Cartisan.Identity.Repository", "IdentityContext\Cartisan.Identity.Repository\Cartisan.Identity.Repository.csproj", "{87A51D85-3B83-4A9D-95B8-07A73DE43C35}"
EndProject
Project("{FAE04EC0-301F-11D3-BF4B-00C04F79EFBC}") = "Cartisan.Identity.Api", "IdentityContext\Cartisan.Identity.Api\Cartisan.Identity.Api.csproj", "{C656F3DB-482F-46C4-9750-68C7749AA29A}"
EndProject
Project("{FAE04EC0-301F-11D3-BF4B-00C04F79EFBC}") = "Cartisan.Identity.Contract", "IdentityContext\Cartisan.Identity.Contract\Cartisan.Identity.Contract.csproj", "{4B448A0B-1121-423F-A4D1-DF13798F43D4}"
EndProject
Project("{FAE04EC0-301F-11D3-BF4B-00C04F79EFBC}") = "Cartisan.Tests", "Cartisan.Tests\Cartisan.Tests.csproj", "{A32F8BE4-5A76-45D4-9074-55143E20AA06}"
EndProject
Project("{2150E333-8FDC-42A3-9474-1A3956D46DE8}") = "Tests", "Tests", "{092367A6-7D56-407B-AAE4-80794CA3BD6C}"
EndProject
Project("{FAE04EC0-301F-11D3-BF4B-00C04F79EFBC}") = "Cartisan.Log4Net", "Components\Cartisan.Log4Net\Cartisan.Log4Net.csproj", "{05210979-3D43-4F6A-A3E2-2EF9BC3CAFFC}"
EndProject
Project("{FAE04EC0-301F-11D3-BF4B-00C04F79EFBC}") = "Cartisan.Web.Tests", "Cartisan.Web.Tests\Cartisan.Web.Tests.csproj", "{7924BD7B-F21F-417A-B059-6E2172125AFD}"
EndProject
Project("{FAE04EC0-301F-11D3-BF4B-00C04F79EFBC}") = "Cartisan.Quartz", "Components\Cartisan.Quartz\Cartisan.Quartz.csproj", "{74F45BEC-2DC7-4AC6-AD05-4773A98B20DD}"
EndProject
Project("{2150E333-8FDC-42A3-9474-1A3956D46DE8}") = "Tests", "Tests", "{93BA6410-AAE2-4C46-A8E1-56E3A542CAB7}"
EndProject
Project("{FAE04EC0-301F-11D3-BF4B-00C04F79EFBC}") = "Cartisan.EntityFramework.Tests", "Components\Cartisan.EntityFramework.Tests\Cartisan.EntityFramework.Tests.csproj", "{71EB412A-FC2F-46B0-A2B7-17828BCEAFB0}"
EndProject
Project("{FAE04EC0-301F-11D3-BF4B-00C04F79EFBC}") = "Cartisan.Admin", "Cartisan.Website\Administration\Cartisan.Admin.csproj", "{6F3EF4E1-0B6C-4829-BA73-CE03948B3560}"
EndProject
Global
	GlobalSection(SolutionConfigurationPlatforms) = preSolution
		Debug|Any CPU = Debug|Any CPU
		Release|Any CPU = Release|Any CPU
	EndGlobalSection
	GlobalSection(ProjectConfigurationPlatforms) = postSolution
		{FA5EF4B7-C651-4458-BF1C-DEEBC8D4D6FF}.Debug|Any CPU.ActiveCfg = Debug|Any CPU
		{FA5EF4B7-C651-4458-BF1C-DEEBC8D4D6FF}.Debug|Any CPU.Build.0 = Debug|Any CPU
		{FA5EF4B7-C651-4458-BF1C-DEEBC8D4D6FF}.Release|Any CPU.ActiveCfg = Release|Any CPU
		{FA5EF4B7-C651-4458-BF1C-DEEBC8D4D6FF}.Release|Any CPU.Build.0 = Release|Any CPU
		{D1A00DF5-FF5C-4CE1-BFDC-A8EA87DEFEE8}.Debug|Any CPU.ActiveCfg = Debug|Any CPU
		{D1A00DF5-FF5C-4CE1-BFDC-A8EA87DEFEE8}.Debug|Any CPU.Build.0 = Debug|Any CPU
		{D1A00DF5-FF5C-4CE1-BFDC-A8EA87DEFEE8}.Release|Any CPU.ActiveCfg = Release|Any CPU
		{D1A00DF5-FF5C-4CE1-BFDC-A8EA87DEFEE8}.Release|Any CPU.Build.0 = Release|Any CPU
		{79A5C5EB-4338-460A-812A-B82577D80A8A}.Debug|Any CPU.ActiveCfg = Debug|Any CPU
		{79A5C5EB-4338-460A-812A-B82577D80A8A}.Debug|Any CPU.Build.0 = Debug|Any CPU
		{79A5C5EB-4338-460A-812A-B82577D80A8A}.Release|Any CPU.ActiveCfg = Release|Any CPU
		{79A5C5EB-4338-460A-812A-B82577D80A8A}.Release|Any CPU.Build.0 = Release|Any CPU
		{D0E634ED-CB95-4A49-A416-75DE7E7A02C0}.Debug|Any CPU.ActiveCfg = Debug|Any CPU
		{D0E634ED-CB95-4A49-A416-75DE7E7A02C0}.Debug|Any CPU.Build.0 = Debug|Any CPU
		{D0E634ED-CB95-4A49-A416-75DE7E7A02C0}.Release|Any CPU.ActiveCfg = Release|Any CPU
		{D0E634ED-CB95-4A49-A416-75DE7E7A02C0}.Release|Any CPU.Build.0 = Release|Any CPU
		{D8E590AF-30C0-42CD-836F-FF6DBA62C762}.Debug|Any CPU.ActiveCfg = Debug|Any CPU
		{D8E590AF-30C0-42CD-836F-FF6DBA62C762}.Debug|Any CPU.Build.0 = Debug|Any CPU
		{D8E590AF-30C0-42CD-836F-FF6DBA62C762}.Release|Any CPU.ActiveCfg = Release|Any CPU
		{D8E590AF-30C0-42CD-836F-FF6DBA62C762}.Release|Any CPU.Build.0 = Release|Any CPU
		{9C045711-D097-4F05-B7EB-6CF39D407933}.Debug|Any CPU.ActiveCfg = Debug|Any CPU
		{9C045711-D097-4F05-B7EB-6CF39D407933}.Debug|Any CPU.Build.0 = Debug|Any CPU
		{9C045711-D097-4F05-B7EB-6CF39D407933}.Release|Any CPU.ActiveCfg = Release|Any CPU
		{9C045711-D097-4F05-B7EB-6CF39D407933}.Release|Any CPU.Build.0 = Release|Any CPU
		{988072F3-D643-4AEB-84B9-F6167209F3AD}.Debug|Any CPU.ActiveCfg = Debug|Any CPU
		{988072F3-D643-4AEB-84B9-F6167209F3AD}.Debug|Any CPU.Build.0 = Debug|Any CPU
		{988072F3-D643-4AEB-84B9-F6167209F3AD}.Release|Any CPU.ActiveCfg = Release|Any CPU
		{988072F3-D643-4AEB-84B9-F6167209F3AD}.Release|Any CPU.Build.0 = Release|Any CPU
		{11FB7F80-3FAC-4AEC-8060-327A01152C27}.Debug|Any CPU.ActiveCfg = Debug|Any CPU
		{11FB7F80-3FAC-4AEC-8060-327A01152C27}.Debug|Any CPU.Build.0 = Debug|Any CPU
		{11FB7F80-3FAC-4AEC-8060-327A01152C27}.Release|Any CPU.ActiveCfg = Release|Any CPU
		{11FB7F80-3FAC-4AEC-8060-327A01152C27}.Release|Any CPU.Build.0 = Release|Any CPU
		{EE478E42-0469-47BC-8762-F497ACCE2A80}.Debug|Any CPU.ActiveCfg = Debug|Any CPU
		{EE478E42-0469-47BC-8762-F497ACCE2A80}.Debug|Any CPU.Build.0 = Debug|Any CPU
		{EE478E42-0469-47BC-8762-F497ACCE2A80}.Release|Any CPU.ActiveCfg = Release|Any CPU
		{EE478E42-0469-47BC-8762-F497ACCE2A80}.Release|Any CPU.Build.0 = Release|Any CPU
		{DAA7FAA4-4001-4201-8186-1C6AF9DFF02E}.Debug|Any CPU.ActiveCfg = Debug|Any CPU
		{DAA7FAA4-4001-4201-8186-1C6AF9DFF02E}.Debug|Any CPU.Build.0 = Debug|Any CPU
		{DAA7FAA4-4001-4201-8186-1C6AF9DFF02E}.Release|Any CPU.ActiveCfg = Release|Any CPU
		{DAA7FAA4-4001-4201-8186-1C6AF9DFF02E}.Release|Any CPU.Build.0 = Release|Any CPU
		{87A51D85-3B83-4A9D-95B8-07A73DE43C35}.Debug|Any CPU.ActiveCfg = Debug|Any CPU
		{87A51D85-3B83-4A9D-95B8-07A73DE43C35}.Debug|Any CPU.Build.0 = Debug|Any CPU
		{87A51D85-3B83-4A9D-95B8-07A73DE43C35}.Release|Any CPU.ActiveCfg = Release|Any CPU
		{87A51D85-3B83-4A9D-95B8-07A73DE43C35}.Release|Any CPU.Build.0 = Release|Any CPU
		{C656F3DB-482F-46C4-9750-68C7749AA29A}.Debug|Any CPU.ActiveCfg = Debug|Any CPU
		{C656F3DB-482F-46C4-9750-68C7749AA29A}.Debug|Any CPU.Build.0 = Debug|Any CPU
		{C656F3DB-482F-46C4-9750-68C7749AA29A}.Release|Any CPU.ActiveCfg = Release|Any CPU
		{C656F3DB-482F-46C4-9750-68C7749AA29A}.Release|Any CPU.Build.0 = Release|Any CPU
		{4B448A0B-1121-423F-A4D1-DF13798F43D4}.Debug|Any CPU.ActiveCfg = Debug|Any CPU
		{4B448A0B-1121-423F-A4D1-DF13798F43D4}.Debug|Any CPU.Build.0 = Debug|Any CPU
		{4B448A0B-1121-423F-A4D1-DF13798F43D4}.Release|Any CPU.ActiveCfg = Release|Any CPU
		{4B448A0B-1121-423F-A4D1-DF13798F43D4}.Release|Any CPU.Build.0 = Release|Any CPU
		{A32F8BE4-5A76-45D4-9074-55143E20AA06}.Debug|Any CPU.ActiveCfg = Debug|Any CPU
		{A32F8BE4-5A76-45D4-9074-55143E20AA06}.Debug|Any CPU.Build.0 = Debug|Any CPU
		{A32F8BE4-5A76-45D4-9074-55143E20AA06}.Release|Any CPU.ActiveCfg = Release|Any CPU
		{A32F8BE4-5A76-45D4-9074-55143E20AA06}.Release|Any CPU.Build.0 = Release|Any CPU
		{05210979-3D43-4F6A-A3E2-2EF9BC3CAFFC}.Debug|Any CPU.ActiveCfg = Debug|Any CPU
		{05210979-3D43-4F6A-A3E2-2EF9BC3CAFFC}.Debug|Any CPU.Build.0 = Debug|Any CPU
		{05210979-3D43-4F6A-A3E2-2EF9BC3CAFFC}.Release|Any CPU.ActiveCfg = Release|Any CPU
		{05210979-3D43-4F6A-A3E2-2EF9BC3CAFFC}.Release|Any CPU.Build.0 = Release|Any CPU
		{7924BD7B-F21F-417A-B059-6E2172125AFD}.Debug|Any CPU.ActiveCfg = Debug|Any CPU
		{7924BD7B-F21F-417A-B059-6E2172125AFD}.Debug|Any CPU.Build.0 = Debug|Any CPU
		{7924BD7B-F21F-417A-B059-6E2172125AFD}.Release|Any CPU.ActiveCfg = Release|Any CPU
		{7924BD7B-F21F-417A-B059-6E2172125AFD}.Release|Any CPU.Build.0 = Release|Any CPU
		{74F45BEC-2DC7-4AC6-AD05-4773A98B20DD}.Debug|Any CPU.ActiveCfg = Debug|Any CPU
		{74F45BEC-2DC7-4AC6-AD05-4773A98B20DD}.Debug|Any CPU.Build.0 = Debug|Any CPU
		{74F45BEC-2DC7-4AC6-AD05-4773A98B20DD}.Release|Any CPU.ActiveCfg = Release|Any CPU
		{74F45BEC-2DC7-4AC6-AD05-4773A98B20DD}.Release|Any CPU.Build.0 = Release|Any CPU
		{71EB412A-FC2F-46B0-A2B7-17828BCEAFB0}.Debug|Any CPU.ActiveCfg = Debug|Any CPU
		{71EB412A-FC2F-46B0-A2B7-17828BCEAFB0}.Debug|Any CPU.Build.0 = Debug|Any CPU
		{71EB412A-FC2F-46B0-A2B7-17828BCEAFB0}.Release|Any CPU.ActiveCfg = Release|Any CPU
		{71EB412A-FC2F-46B0-A2B7-17828BCEAFB0}.Release|Any CPU.Build.0 = Release|Any CPU
		{6F3EF4E1-0B6C-4829-BA73-CE03948B3560}.Debug|Any CPU.ActiveCfg = Debug|Any CPU
		{6F3EF4E1-0B6C-4829-BA73-CE03948B3560}.Debug|Any CPU.Build.0 = Debug|Any CPU
		{6F3EF4E1-0B6C-4829-BA73-CE03948B3560}.Release|Any CPU.ActiveCfg = Release|Any CPU
		{6F3EF4E1-0B6C-4829-BA73-CE03948B3560}.Release|Any CPU.Build.0 = Release|Any CPU
	EndGlobalSection
	GlobalSection(SolutionProperties) = preSolution
		HideSolutionNode = FALSE
	EndGlobalSection
	GlobalSection(NestedProjects) = preSolution
		{79A5C5EB-4338-460A-812A-B82577D80A8A} = {14682D79-0B99-4357-92B8-FDE74B95F7D4}
		{D0E634ED-CB95-4A49-A416-75DE7E7A02C0} = {14682D79-0B99-4357-92B8-FDE74B95F7D4}
		{D8E590AF-30C0-42CD-836F-FF6DBA62C762} = {14682D79-0B99-4357-92B8-FDE74B95F7D4}
		{9C045711-D097-4F05-B7EB-6CF39D407933} = {14682D79-0B99-4357-92B8-FDE74B95F7D4}
		{EE478E42-0469-47BC-8762-F497ACCE2A80} = {EB5F63B1-217B-4DBD-A09A-E31FBC3D81F1}
		{DAA7FAA4-4001-4201-8186-1C6AF9DFF02E} = {EB5F63B1-217B-4DBD-A09A-E31FBC3D81F1}
		{87A51D85-3B83-4A9D-95B8-07A73DE43C35} = {EB5F63B1-217B-4DBD-A09A-E31FBC3D81F1}
		{C656F3DB-482F-46C4-9750-68C7749AA29A} = {EB5F63B1-217B-4DBD-A09A-E31FBC3D81F1}
		{4B448A0B-1121-423F-A4D1-DF13798F43D4} = {EB5F63B1-217B-4DBD-A09A-E31FBC3D81F1}
		{A32F8BE4-5A76-45D4-9074-55143E20AA06} = {092367A6-7D56-407B-AAE4-80794CA3BD6C}
		{05210979-3D43-4F6A-A3E2-2EF9BC3CAFFC} = {14682D79-0B99-4357-92B8-FDE74B95F7D4}
		{7924BD7B-F21F-417A-B059-6E2172125AFD} = {092367A6-7D56-407B-AAE4-80794CA3BD6C}
		{74F45BEC-2DC7-4AC6-AD05-4773A98B20DD} = {14682D79-0B99-4357-92B8-FDE74B95F7D4}
		{93BA6410-AAE2-4C46-A8E1-56E3A542CAB7} = {14682D79-0B99-4357-92B8-FDE74B95F7D4}
		{71EB412A-FC2F-46B0-A2B7-17828BCEAFB0} = {93BA6410-AAE2-4C46-A8E1-56E3A542CAB7}
	EndGlobalSection
EndGlobal
